{
  "originHash" : "56496043c6fd88d61f844ed04a4e8924156888992895e65886d624bcfdafe29e",
  "pins" : [
    {
      "identity" : "agentaudit",
      "kind" : "remoteSourceControl",
      "location" : "https://github.com/macOS26/AgentAudit.git",
      "state" : {
        "revision" : "ecc6cc925171bf55b5f522b09f39256ba68b6f49",
        "version" : "1.3.0"
      }
    }
  ],
  "version" : 3
}
